
Microsoft Visual Studio Solution File, Format Version 12.00
# Visual Studio Version 16
VisualStudioVersion = 16.0.32602.291
MinimumVisualStudioVersion = 10.0.40219.1
Project("{9A19103F-16F7-4668-BE54-9A1E7A4F7556}") = "BinanceAPI", "BinanceAPI\BinanceAPI.csproj", "{893CA573-A774-4771-93CF-AC393206530B}"
EndProject
Project("{FAE04EC0-301F-11D3-BF4B-00C04F79EFBC}") = "Program4Test", "Program4Test\Program4Test.csproj", "{7DE9BA8F-FBF4-4589-9BC9-09D95578E921}"
	ProjectSection(ProjectDependencies) = postProject
		{893CA573-A774-4771-93CF-AC393206530B} = {893CA573-A774-4771-93CF-AC393206530B}
	EndProjectSection
EndProject
Global
	GlobalSection(SolutionConfigurationPlatforms) = preSolution
		Debug|Any CPU = Debug|Any CPU
		Release|Any CPU = Release|Any CPU
	EndGlobalSection
	GlobalSection(ProjectConfigurationPlatforms) = postSolution
		{893CA573-A774-4771-93CF-AC393206530B}.Debug|Any CPU.ActiveCfg = Debug|Any CPU
		{893CA573-A774-4771-93CF-AC393206530B}.Debug|Any CPU.Build.0 = Debug|Any CPU
		{893CA573-A774-4771-93CF-AC393206530B}.Release|Any CPU.ActiveCfg = Release|Any CPU
		{893CA573-A774-4771-93CF-AC393206530B}.Release|Any CPU.Build.0 = Release|Any CPU
		{7DE9BA8F-FBF4-4589-9BC9-09D95578E921}.Debug|Any CPU.ActiveCfg = Debug|Any CPU
		{7DE9BA8F-FBF4-4589-9BC9-09D95578E921}.Debug|Any CPU.Build.0 = Debug|Any CPU
		{7DE9BA8F-FBF4-4589-9BC9-09D95578E921}.Release|Any CPU.ActiveCfg = Release|Any CPU
		{7DE9BA8F-FBF4-4589-9BC9-09D95578E921}.Release|Any CPU.Build.0 = Release|Any CPU
	EndGlobalSection
	GlobalSection(SolutionProperties) = preSolution
		HideSolutionNode = FALSE
	EndGlobalSection
	GlobalSection(ExtensibilityGlobals) = postSolution
		SolutionGuid = {A285BA24-A7D9-474F-BB5B-7AB4D3572003}
	EndGlobalSection
EndGlobal
